{
  "name": "HIS-VUE",
  "lockfileVersion": 3,
  "requires": true,
  "packages": {
    "": {
      "dependencies": {
        "vl-layer": "^0.1.24",
        "vue-layer": "^1.2.5"
      }
    },
    "node_modules/vl-layer": {
      "version": "0.1.24",
      "license": "MIT"
    },
    "node_modules/vue-layer": {
      "version": "1.2.5",
      "license": "MIT"
    }
  }
}
