{
  "name": "vue",
  "lockfileVersion": 2,
  "requires": true,
  "packages": {
    "": {
      "dependencies": {
        "vl-layer": "^0.1.24",
        "vue-layer": "^1.2.5"
      }
    },
    "node_modules/vl-layer": {
      "version": "0.1.24",
      "resolved": "https://registry.npmjs.org/vl-layer/-/vl-layer-0.1.24.tgz",
      "integrity": "sha512-yKTcpXoyiyvD3JSslbrBCK5PkYPDEMGcv7lLiE/l+FPbvEV+Okw4NHhFc3Nmdi2Gtbd77QNnXcWvARWcdOolSw=="
    },
    "node_modules/vue-layer": {
      "version": "1.2.5",
      "resolved": "https://registry.npmjs.org/vue-layer/-/vue-layer-1.2.5.tgz",
      "integrity": "sha512-rwHFuOxvtuMCSZmWKvHeLF0VyVtzUvG248moXs/llECXXZ6vUvUBHW8REWhKL4Xje9TcyWzdUUBMF8c5BgSTag=="
    }
  },
  "dependencies": {
    "vl-layer": {
      "version": "0.1.24",
      "resolved": "https://registry.npmjs.org/vl-layer/-/vl-layer-0.1.24.tgz",
      "integrity": "sha512-yKTcpXoyiyvD3JSslbrBCK5PkYPDEMGcv7lLiE/l+FPbvEV+Okw4NHhFc3Nmdi2Gtbd77QNnXcWvARWcdOolSw=="
    },
    "vue-layer": {
      "version": "1.2.5",
      "resolved": "https://registry.npmjs.org/vue-layer/-/vue-layer-1.2.5.tgz",
      "integrity": "sha512-rwHFuOxvtuMCSZmWKvHeLF0VyVtzUvG248moXs/llECXXZ6vUvUBHW8REWhKL4Xje9TcyWzdUUBMF8c5BgSTag=="
    }
  }
}
